
Microsoft Visual Studio Solution File, Format Version 12.00
# Visual Studio Version 17
VisualStudioVersion = 17.3.32811.315
MinimumVisualStudioVersion = 10.0.40219.1
Project("{FAE04EC0-301F-11D3-BF4B-00C04F79EFBC}") = "01", "01\01.csproj", "{CE11E5FD-7089-455B-9285-6BAB9FDB5328}"
EndProject
Global
	GlobalSection(SolutionConfigurationPlatforms) = preSolution
		Debug|Any CPU = Debug|Any CPU
		Release|Any CPU = Release|Any CPU
	EndGlobalSection
	GlobalSection(ProjectConfigurationPlatforms) = postSolution
		{CE11E5FD-7089-455B-9285-6BAB9FDB5328}.Debug|Any CPU.ActiveCfg = Debug|Any CPU
		{CE11E5FD-7089-455B-9285-6BAB9FDB5328}.Debug|Any CPU.Build.0 = Debug|Any CPU
		{CE11E5FD-7089-455B-9285-6BAB9FDB5328}.Release|Any CPU.ActiveCfg = Release|Any CPU
		{CE11E5FD-7089-455B-9285-6BAB9FDB5328}.Release|Any CPU.Build.0 = Release|Any CPU
	EndGlobalSection
	GlobalSection(SolutionProperties) = preSolution
		HideSolutionNode = FALSE
	EndGlobalSection
	GlobalSection(ExtensibilityGlobals) = postSolution
		SolutionGuid = {009290EA-4192-4C95-8A6F-437AAEBEBBBE}
	EndGlobalSection
EndGlobal
